
Microsoft Visual Studio Solution File, Format Version 12.00
# Visual Studio Version 16
VisualStudioVersion = 16.0.32228.343
MinimumVisualStudioVersion = 10.0.40219.1
Project("{FAE04EC0-301F-11D3-BF4B-00C04F79EFBC}") = "SimpleCalculator", "SimpleCalculator\SimpleCalculator.csproj", "{6ACD4E06-B004-4217-A61C-4DB6FFBA2DD2}"
EndProject
Project("{FAE04EC0-301F-11D3-BF4B-00C04F79EFBC}") = "SimpleCalculator.Test.Unit", "SimpleCalculator.Test.Unit\SimpleCalculator.Test.Unit.csproj", "{F41B62A6-77C9-404F-BB98-3CEF72FD2788}"
EndProject
Global
	GlobalSection(SolutionConfigurationPlatforms) = preSolution
		Debug|Any CPU = Debug|Any CPU
		Release|Any CPU = Release|Any CPU
	EndGlobalSection
	GlobalSection(ProjectConfigurationPlatforms) = postSolution
		{6ACD4E06-B004-4217-A61C-4DB6FFBA2DD2}.Debug|Any CPU.ActiveCfg = Debug|Any CPU
		{6ACD4E06-B004-4217-A61C-4DB6FFBA2DD2}.Debug|Any CPU.Build.0 = Debug|Any CPU
		{6ACD4E06-B004-4217-A61C-4DB6FFBA2DD2}.Release|Any CPU.ActiveCfg = Release|Any CPU
		{6ACD4E06-B004-4217-A61C-4DB6FFBA2DD2}.Release|Any CPU.Build.0 = Release|Any CPU
		{F41B62A6-77C9-404F-BB98-3CEF72FD2788}.Debug|Any CPU.ActiveCfg = Debug|Any CPU
		{F41B62A6-77C9-404F-BB98-3CEF72FD2788}.Debug|Any CPU.Build.0 = Debug|Any CPU
		{F41B62A6-77C9-404F-BB98-3CEF72FD2788}.Release|Any CPU.ActiveCfg = Release|Any CPU
		{F41B62A6-77C9-404F-BB98-3CEF72FD2788}.Release|Any CPU.Build.0 = Release|Any CPU
	EndGlobalSection
	GlobalSection(SolutionProperties) = preSolution
		HideSolutionNode = FALSE
	EndGlobalSection
	GlobalSection(ExtensibilityGlobals) = postSolution
		SolutionGuid = {52E8239B-68A2-48B4-BFB0-1337BC4B9FA6}
	EndGlobalSection
EndGlobal
